
Microsoft Visual Studio Solution File, Format Version 12.00
# Visual Studio Version 17
VisualStudioVersion = 17.14.36414.22 d17.14
MinimumVisualStudioVersion = 10.0.40219.1
Project("{FAE04EC0-301F-11D3-BF4B-00C04F79EFBC}") = "Assignment3.2.2", "Assignment3.2.2.csproj", "{71660CC5-93F7-4701-B0F3-777FC6EB22B9}"
EndProject
Global
	GlobalSection(SolutionConfigurationPlatforms) = preSolution
		Debug|Any CPU = Debug|Any CPU
		Release|Any CPU = Release|Any CPU
	EndGlobalSection
	GlobalSection(ProjectConfigurationPlatforms) = postSolution
		{71660CC5-93F7-4701-B0F3-777FC6EB22B9}.Debug|Any CPU.ActiveCfg = Debug|Any CPU
		{71660CC5-93F7-4701-B0F3-777FC6EB22B9}.Debug|Any CPU.Build.0 = Debug|Any CPU
		{71660CC5-93F7-4701-B0F3-777FC6EB22B9}.Release|Any CPU.ActiveCfg = Release|Any CPU
		{71660CC5-93F7-4701-B0F3-777FC6EB22B9}.Release|Any CPU.Build.0 = Release|Any CPU
	EndGlobalSection
	GlobalSection(SolutionProperties) = preSolution
		HideSolutionNode = FALSE
	EndGlobalSection
	GlobalSection(ExtensibilityGlobals) = postSolution
		SolutionGuid = {A5C25000-D956-465B-BE01-C6E430167C17}
	EndGlobalSection
EndGlobal
